
Microsoft Visual Studio Solution File, Format Version 12.00
# Visual Studio 14
VisualStudioVersion = 14.0.24720.0
MinimumVisualStudioVersion = 10.0.40219.1
Project("{2150E333-8FDC-42A3-9474-1A3956D46DE8}") = "2 - Application", "2 - Application", "{1FBB126D-1E0F-4D19-8AA7-7A39C8439127}"
EndProject
Project("{2150E333-8FDC-42A3-9474-1A3956D46DE8}") = "3 - Domain", "3 - Domain", "{7FA4B76B-12FD-46F9-85EB-EAC996AA3F01}"
EndProject
Project("{2150E333-8FDC-42A3-9474-1A3956D46DE8}") = "4 - Infra", "4 - Infra", "{67B0E6B6-290F-4B1E-BF4B-D656C6BA2723}"
EndProject
Project("{2150E333-8FDC-42A3-9474-1A3956D46DE8}") = "4.1 - Data", "4.1 - Data", "{90F9210F-E6C5-484C-8BCF-8EA154B5988C}"
EndProject
Project("{2150E333-8FDC-42A3-9474-1A3956D46DE8}") = "4.2 - CrossCutting", "4.2 - CrossCutting", "{260789CF-4ECA-4691-8024-CA66AC6CAE87}"
EndProject
Project("{FAE04EC0-301F-11D3-BF4B-00C04F79EFBC}") = "UpFinancas.Domain", "UpFinancas.Domain\UpFinancas.Domain.csproj", "{E52F715A-D6CD-4C77-8A5E-AED5420F6618}"
EndProject
Project("{FAE04EC0-301F-11D3-BF4B-00C04F79EFBC}") = "UpFinancas.Infra.Data", "UpFinancas.Infra.Data\UpFinancas.Infra.Data.csproj", "{EBFB48CC-054B-41D0-A35F-ED455C8CFABF}"
EndProject
Project("{FAE04EC0-301F-11D3-BF4B-00C04F79EFBC}") = "UpFinancas.Infra.CrossCutting", "UpFinancas.Infra.CrossCutting\UpFinancas.Infra.CrossCutting.csproj", "{FE2B1410-C614-468F-9E32-28EAEC89C6A1}"
EndProject
Project("{2150E333-8FDC-42A3-9474-1A3956D46DE8}") = "5 - Util", "5 - Util", "{77CA8350-CF03-4E13-92FB-A0EFF78DB357}"
EndProject
Project("{FAE04EC0-301F-11D3-BF4B-00C04F79EFBC}") = "UpFinancas.Util", "UpFinancas.Util\UpFinancas.Util.csproj", "{F46DB1C4-EC0E-4682-971D-AE198AF97FDA}"
EndProject
Project("{2150E333-8FDC-42A3-9474-1A3956D46DE8}") = "1 - Presentation", "1 - Presentation", "{B209FF9B-086A-411F-BB7A-4B4349A10C26}"
EndProject
Project("{FAE04EC0-301F-11D3-BF4B-00C04F79EFBC}") = "UpFinancas.App", "UpFinancas.App\UpFinancas.App.csproj", "{9EDB7728-6A3B-46B6-9E60-92029F859821}"
EndProject
Project("{FAE04EC0-301F-11D3-BF4B-00C04F79EFBC}") = "Upfinancas.MVC", "Upfinancas.MVC\Upfinancas.MVC.csproj", "{5CEA6A4E-8C00-4221-8423-A0E08EF49558}"
EndProject
Global
	GlobalSection(SolutionConfigurationPlatforms) = preSolution
		Debug|Any CPU = Debug|Any CPU
		Release|Any CPU = Release|Any CPU
	EndGlobalSection
	GlobalSection(ProjectConfigurationPlatforms) = postSolution
		{E52F715A-D6CD-4C77-8A5E-AED5420F6618}.Debug|Any CPU.ActiveCfg = Debug|Any CPU
		{E52F715A-D6CD-4C77-8A5E-AED5420F6618}.Debug|Any CPU.Build.0 = Debug|Any CPU
		{E52F715A-D6CD-4C77-8A5E-AED5420F6618}.Release|Any CPU.ActiveCfg = Release|Any CPU
		{E52F715A-D6CD-4C77-8A5E-AED5420F6618}.Release|Any CPU.Build.0 = Release|Any CPU
		{EBFB48CC-054B-41D0-A35F-ED455C8CFABF}.Debug|Any CPU.ActiveCfg = Debug|Any CPU
		{EBFB48CC-054B-41D0-A35F-ED455C8CFABF}.Debug|Any CPU.Build.0 = Debug|Any CPU
		{EBFB48CC-054B-41D0-A35F-ED455C8CFABF}.Release|Any CPU.ActiveCfg = Release|Any CPU
		{EBFB48CC-054B-41D0-A35F-ED455C8CFABF}.Release|Any CPU.Build.0 = Release|Any CPU
		{FE2B1410-C614-468F-9E32-28EAEC89C6A1}.Debug|Any CPU.ActiveCfg = Debug|Any CPU
		{FE2B1410-C614-468F-9E32-28EAEC89C6A1}.Debug|Any CPU.Build.0 = Debug|Any CPU
		{FE2B1410-C614-468F-9E32-28EAEC89C6A1}.Release|Any CPU.ActiveCfg = Release|Any CPU
		{FE2B1410-C614-468F-9E32-28EAEC89C6A1}.Release|Any CPU.Build.0 = Release|Any CPU
		{F46DB1C4-EC0E-4682-971D-AE198AF97FDA}.Debug|Any CPU.ActiveCfg = Debug|Any CPU
		{F46DB1C4-EC0E-4682-971D-AE198AF97FDA}.Debug|Any CPU.Build.0 = Debug|Any CPU
		{F46DB1C4-EC0E-4682-971D-AE198AF97FDA}.Release|Any CPU.ActiveCfg = Release|Any CPU
		{F46DB1C4-EC0E-4682-971D-AE198AF97FDA}.Release|Any CPU.Build.0 = Release|Any CPU
		{9EDB7728-6A3B-46B6-9E60-92029F859821}.Debug|Any CPU.ActiveCfg = Debug|Any CPU
		{9EDB7728-6A3B-46B6-9E60-92029F859821}.Debug|Any CPU.Build.0 = Debug|Any CPU
		{9EDB7728-6A3B-46B6-9E60-92029F859821}.Release|Any CPU.ActiveCfg = Release|Any CPU
		{9EDB7728-6A3B-46B6-9E60-92029F859821}.Release|Any CPU.Build.0 = Release|Any CPU
		{5CEA6A4E-8C00-4221-8423-A0E08EF49558}.Debug|Any CPU.ActiveCfg = Debug|Any CPU
		{5CEA6A4E-8C00-4221-8423-A0E08EF49558}.Debug|Any CPU.Build.0 = Debug|Any CPU
		{5CEA6A4E-8C00-4221-8423-A0E08EF49558}.Release|Any CPU.ActiveCfg = Release|Any CPU
		{5CEA6A4E-8C00-4221-8423-A0E08EF49558}.Release|Any CPU.Build.0 = Release|Any CPU
	EndGlobalSection
	GlobalSection(SolutionProperties) = preSolution
		HideSolutionNode = FALSE
	EndGlobalSection
	GlobalSection(NestedProjects) = preSolution
		{90F9210F-E6C5-484C-8BCF-8EA154B5988C} = {67B0E6B6-290F-4B1E-BF4B-D656C6BA2723}
		{260789CF-4ECA-4691-8024-CA66AC6CAE87} = {67B0E6B6-290F-4B1E-BF4B-D656C6BA2723}
		{E52F715A-D6CD-4C77-8A5E-AED5420F6618} = {7FA4B76B-12FD-46F9-85EB-EAC996AA3F01}
		{EBFB48CC-054B-41D0-A35F-ED455C8CFABF} = {90F9210F-E6C5-484C-8BCF-8EA154B5988C}
		{FE2B1410-C614-468F-9E32-28EAEC89C6A1} = {260789CF-4ECA-4691-8024-CA66AC6CAE87}
		{F46DB1C4-EC0E-4682-971D-AE198AF97FDA} = {77CA8350-CF03-4E13-92FB-A0EFF78DB357}
		{9EDB7728-6A3B-46B6-9E60-92029F859821} = {1FBB126D-1E0F-4D19-8AA7-7A39C8439127}
		{5CEA6A4E-8C00-4221-8423-A0E08EF49558} = {B209FF9B-086A-411F-BB7A-4B4349A10C26}
	EndGlobalSection
EndGlobal
